
Microsoft Visual Studio Solution File, Format Version 12.00
# Visual Studio Version 16
VisualStudioVersion = 16.0.29215.179
MinimumVisualStudioVersion = 10.0.40219.1
Project("{FAE04EC0-301F-11D3-BF4B-00C04F79EFBC}") = "Vega", "Vega.csproj", "{5C8F2E51-7770-4F82-9A13-DFB0D30ED0CC}"
EndProject
Global
	GlobalSection(SolutionConfigurationPlatforms) = preSolution
		Debug|Any CPU = Debug|Any CPU
		Release|Any CPU = Release|Any CPU
	EndGlobalSection
	GlobalSection(ProjectConfigurationPlatforms) = postSolution
		{5C8F2E51-7770-4F82-9A13-DFB0D30ED0CC}.Debug|Any CPU.ActiveCfg = Debug|Any CPU
		{5C8F2E51-7770-4F82-9A13-DFB0D30ED0CC}.Debug|Any CPU.Build.0 = Debug|Any CPU
		{5C8F2E51-7770-4F82-9A13-DFB0D30ED0CC}.Release|Any CPU.ActiveCfg = Release|Any CPU
		{5C8F2E51-7770-4F82-9A13-DFB0D30ED0CC}.Release|Any CPU.Build.0 = Release|Any CPU
	EndGlobalSection
	GlobalSection(SolutionProperties) = preSolution
		HideSolutionNode = FALSE
	EndGlobalSection
	GlobalSection(ExtensibilityGlobals) = postSolution
		SolutionGuid = {D00F0052-C52A-4A35-A8A7-40EFF643C470}
	EndGlobalSection
EndGlobal
